
Microsoft Visual Studio Solution File, Format Version 12.00
# Visual Studio Version 16
VisualStudioVersion = 16.0.29728.190
MinimumVisualStudioVersion = 10.0.40219.1
Project("{9A19103F-16F7-4668-BE54-9A1E7A4F7556}") = "Stargazer.Functional", "src\Stargazer.Functional\Stargazer.Functional.csproj", "{A3CF15B6-FA28-4B67-89DD-46A8B01718B3}"
EndProject
Global
	GlobalSection(SolutionConfigurationPlatforms) = preSolution
		Debug|Any CPU = Debug|Any CPU
		Release|Any CPU = Release|Any CPU
	EndGlobalSection
	GlobalSection(ProjectConfigurationPlatforms) = postSolution
		{A3CF15B6-FA28-4B67-89DD-46A8B01718B3}.Debug|Any CPU.ActiveCfg = Debug|Any CPU
		{A3CF15B6-FA28-4B67-89DD-46A8B01718B3}.Debug|Any CPU.Build.0 = Debug|Any CPU
		{A3CF15B6-FA28-4B67-89DD-46A8B01718B3}.Release|Any CPU.ActiveCfg = Release|Any CPU
		{A3CF15B6-FA28-4B67-89DD-46A8B01718B3}.Release|Any CPU.Build.0 = Release|Any CPU
	EndGlobalSection
	GlobalSection(SolutionProperties) = preSolution
		HideSolutionNode = FALSE
	EndGlobalSection
	GlobalSection(ExtensibilityGlobals) = postSolution
		SolutionGuid = {3E547192-94BB-4A68-8E7F-587D89360738}
	EndGlobalSection
EndGlobal
